
Microsoft Visual Studio Solution File, Format Version 12.00
# Visual Studio Version 16
VisualStudioVersion = 16.0.31313.79
MinimumVisualStudioVersion = 10.0.40219.1
Project("{FAE04EC0-301F-11D3-BF4B-00C04F79EFBC}") = "Herencia - C Ej1", "Herencia - C Ej1\Herencia - C Ej1.csproj", "{87503E78-E2F4-4070-919F-2F3A29ACE1C0}"
EndProject
Global
	GlobalSection(SolutionConfigurationPlatforms) = preSolution
		Debug|Any CPU = Debug|Any CPU
		Release|Any CPU = Release|Any CPU
	EndGlobalSection
	GlobalSection(ProjectConfigurationPlatforms) = postSolution
		{87503E78-E2F4-4070-919F-2F3A29ACE1C0}.Debug|Any CPU.ActiveCfg = Debug|Any CPU
		{87503E78-E2F4-4070-919F-2F3A29ACE1C0}.Debug|Any CPU.Build.0 = Debug|Any CPU
		{87503E78-E2F4-4070-919F-2F3A29ACE1C0}.Release|Any CPU.ActiveCfg = Release|Any CPU
		{87503E78-E2F4-4070-919F-2F3A29ACE1C0}.Release|Any CPU.Build.0 = Release|Any CPU
	EndGlobalSection
	GlobalSection(SolutionProperties) = preSolution
		HideSolutionNode = FALSE
	EndGlobalSection
	GlobalSection(ExtensibilityGlobals) = postSolution
		SolutionGuid = {F2278151-8E03-417C-96BF-6F9ED8101E83}
	EndGlobalSection
EndGlobal
